{
  "name": "perch",
  "lockfileVersion": 3,
  "requires": true,
  "packages": {
    "": {
      "name": "perch",
      "devDependencies": {
        "husky": "^9.1.6"
      }
    },
    "node_modules/husky": {
      "version": "9.1.7",
      "resolved": "https://ms-feed-25.pkgs.visualstudio.com/1es-public/_packaging/npm-public/npm/registry/husky/-/husky-9.1.7.tgz",
      "integrity": "sha1-1Go4A10QG0anBFaoUP9CATRMCy0=",
      "dev": true,
      "license": "MIT",
      "bin": {
        "husky": "bin.js"
      },
      "engines": {
        "node": ">=18"
      },
      "funding": {
        "url": "https://github.com/sponsors/typicode"
      }
    }
  }
}
